Microsoft Visual Studio Solution File, Format Version 12.00
# Visual Studio Version 17
VisualStudioVersion = 17.5.2.0
MinimumVisualStudioVersion = 10.0.40219.1
Project("{FAE04EC0-301F-11D3-BF4B-00C04F79EFBC}") = "GameStore.Api", "GameStore.Api\GameStore.Api.csproj", "{EFBB7511-5220-172E-FE05-AA1321C715AF}"
EndProject
Global
	GlobalSection(SolutionConfigurationPlatforms) = preSolution
		Debug|Any CPU = Debug|Any CPU
		Release|Any CPU = Release|Any CPU
	EndGlobalSection
	GlobalSection(ProjectConfigurationPlatforms) = postSolution
		{EFBB7511-5220-172E-FE05-AA1321C715AF}.Debug|Any CPU.ActiveCfg = Debug|Any CPU
		{EFBB7511-5220-172E-FE05-AA1321C715AF}.Debug|Any CPU.Build.0 = Debug|Any CPU
		{EFBB7511-5220-172E-FE05-AA1321C715AF}.Release|Any CPU.ActiveCfg = Release|Any CPU
		{EFBB7511-5220-172E-FE05-AA1321C715AF}.Release|Any CPU.Build.0 = Release|Any CPU
	EndGlobalSection
	GlobalSection(SolutionProperties) = preSolution
		HideSolutionNode = FALSE
	EndGlobalSection
	GlobalSection(ExtensibilityGlobals) = postSolution
		SolutionGuid = {F79C6D91-446A-4DF9-B83E-75910363A8E4}
	EndGlobalSection
EndGlobal
